// !$*UTF8*$!
{
	archiveVersion = 1;
	classes = {
	};
	objectVersion = 77;
	objects = {

/* Begin PBXBuildFile section */
		84F02F452DE833BE003F33C7 /* NetworkExtension.framework in Frameworks */ = {isa = PBXBuildFile; fileRef = 84F02F442DE833BD003F33C7 /* NetworkExtension.framework */; };
		84F02F4D2DE833BE003F33C7 /* ShieldBug VPN Extension.appex in Embed Foundation Extensions */ = {isa = PBXBuildFile; fileRef = 84F02F422DE833BD003F33C7 /* ShieldBug VPN Extension.appex */; settings = {ATTRIBUTES = (RemoveHeadersOnCopy, ); }; };
/* End PBXBuildFile section */

/* Begin PBXContainerItemProxy section */
		84F02F142DE79458003F33C7 /* PBXContainerItemProxy */ = {
			isa = PBXContainerItemProxy;
			containerPortal = 84F02EFE2DE79456003F33C7 /* Project object */;
			proxyType = 1;
			remoteGlobalIDString = 84F02F052DE79456003F33C7;
			remoteInfo = ShieldBug;
		};
		84F02F1E2DE79458003F33C7 /* PBXContainerItemProxy */ = {
			isa = PBXContainerItemProxy;
			containerPortal = 84F02EFE2DE79456003F33C7 /* Project object */;
			proxyType = 1;
			remoteGlobalIDString = 84F02F052DE79456003F33C7;
			remoteInfo = ShieldBug;
		};
		84F02F4B2DE833BE003F33C7 /* PBXContainerItemProxy */ = {
			isa = PBXContainerItemProxy;
			containerPortal = 84F02EFE2DE79456003F33C7 /* Project object */;
			proxyType = 1;
			remoteGlobalIDString = 84F02F412DE833BD003F33C7;
			remoteInfo = "ShieldBug VPN Extension";
		};
/* End PBXContainerItemProxy section */

/* Begin PBXCopyFilesBuildPhase section */
		84F02F522DE833BE003F33C7 /* Embed Foundation Extensions */ = {
			isa = PBXCopyFilesBuildPhase;
			buildActionMask = 2147483647;
			dstPath = "";
			dstSubfolderSpec = 13;
			files = (
				84F02F4D2DE833BE003F33C7 /* ShieldBug VPN Extension.appex in Embed Foundation Extensions */,
			);
			name = "Embed Foundation Extensions";
			runOnlyForDeploymentPostprocessing = 0;
		};
/* End PBXCopyFilesBuildPhase section */

/* Begin PBXFileReference section */
		84F02F062DE79456003F33C7 /* ShieldBug.app */ = {isa = PBXFileReference; explicitFileType = wrapper.application; includeInIndex = 0; path = ShieldBug.app; sourceTree = BUILT_PRODUCTS_DIR; };
		84F02F132DE79458003F33C7 /* ShieldBugTests.xctest */ = {isa = PBXFileReference; explicitFileType = wrapper.cfbundle; includeInIndex = 0; path = ShieldBugTests.xctest; sourceTree = BUILT_PRODUCTS_DIR; };
		84F02F1D2DE79458003F33C7 /* ShieldBugUITests.xctest */ = {isa = PBXFileReference; explicitFileType = wrapper.cfbundle; includeInIndex = 0; path = ShieldBugUITests.xctest; sourceTree = BUILT_PRODUCTS_DIR; };
		84F02F422DE833BD003F33C7 /* ShieldBug VPN Extension.appex */ = {isa = PBXFileReference; explicitFileType = "wrapper.app-extension"; includeInIndex = 0; path = "ShieldBug VPN Extension.appex"; sourceTree = BUILT_PRODUCTS_DIR; };
		84F02F442DE833BD003F33C7 /* NetworkExtension.framework */ = {isa = PBXFileReference; lastKnownFileType = wrapper.framework; name = NetworkExtension.framework; path = System/Library/Frameworks/NetworkExtension.framework; sourceTree = SDKROOT; };
/* End PBXFileReference section */

/* Begin PBXFileSystemSynchronizedBuildFileExceptionSet section */
		84F02F5B2DE79458003F33C7 /* Exceptions for "ShieldBug" folder in "ShieldBug" target */ = {
			isa = PBXFileSystemSynchronizedBuildFileExceptionSet;
			membershipExceptions = (
				Info.plist,
			);
			target = 84F02F052DE79456003F33C7 /* ShieldBug */;
		};
		84F02F4E2DE833BE003F33C7 /* Exceptions for "ShieldBug VPN Extension" folder in "ShieldBug VPN Extension" target */ = {
			isa = PBXFileSystemSynchronizedBuildFileExceptionSet;
			membershipExceptions = (
				Info.plist,
			);
			target = 84F02F412DE833BD003F33C7 /* ShieldBug VPN Extension */;
		};
/* End PBXFileSystemSynchronizedBuildFileExceptionSet section */

/* Begin PBXFileSystemSynchronizedRootGroup section */
		84F02F082DE79456003F33C7 /* ShieldBug */ = {
			isa = PBXFileSystemSynchronizedRootGroup;
			exceptions = (
				84F02F5B2DE79458003F33C7 /* Exceptions for "ShieldBug" folder in "ShieldBug" target */,
			);
			path = ShieldBug;
			sourceTree = "<group>";
		};
		84F02F162DE79458003F33C7 /* ShieldBugTests */ = {
			isa = PBXFileSystemSynchronizedRootGroup;
			path = ShieldBugTests;
			sourceTree = "<group>";
		};
		84F02F202DE79458003F33C7 /* ShieldBugUITests */ = {
			isa = PBXFileSystemSynchronizedRootGroup;
			path = ShieldBugUITests;
			sourceTree = "<group>";
		};
		84F02F462DE833BE003F33C7 /* ShieldBug VPN Extension */ = {
			isa = PBXFileSystemSynchronizedRootGroup;
			exceptions = (
				84F02F4E2DE833BE003F33C7 /* Exceptions for "ShieldBug VPN Extension" folder in "ShieldBug VPN Extension" target */,
			);
			path = "ShieldBug VPN Extension";
			sourceTree = "<group>";
		};
/* End PBXFileSystemSynchronizedRootGroup section */

/* Begin PBXFrameworksBuildPhase section */
		84F02F032DE79456003F33C7 /* Frameworks */ = {
			isa = PBXFrameworksBuildPhase;
			buildActionMask = 2147483647;
			files = (
			);
			runOnlyForDeploymentPostprocessing = 0;
		};
		84F02F102DE79458003F33C7 /* Frameworks */ = {
			isa = PBXFrameworksBuildPhase;
			buildActionMask = 2147483647;
			files = (
			);
			runOnlyForDeploymentPostprocessing = 0;
		};
		84F02F1A2DE79458003F33C7 /* Frameworks */ = {
			isa = PBXFrameworksBuildPhase;
			buildActionMask = 2147483647;
			files = (
			);
			runOnlyForDeploymentPostprocessing = 0;
		};
		84F02F3F2DE833BD003F33C7 /* Frameworks */ = {
			isa = PBXFrameworksBuildPhase;
			buildActionMask = 2147483647;
			files = (
				84F02F452DE833BE003F33C7 /* NetworkExtension.framework in Frameworks */,
			);
			runOnlyForDeploymentPostprocessing = 0;
		};
/* End PBXFrameworksBuildPhase section */

/* Begin PBXGroup section */
		84F02EFD2DE79456003F33C7 = {
			isa = PBXGroup;
			children = (
				84F02F082DE79456003F33C7 /* ShieldBug */,
				84F02F162DE79458003F33C7 /* ShieldBugTests */,
				84F02F202DE79458003F33C7 /* ShieldBugUITests */,
				84F02F462DE833BE003F33C7 /* ShieldBug VPN Extension */,
				84F02F432DE833BD003F33C7 /* Frameworks */,
				84F02F072DE79456003F33C7 /* Products */,
			);
			sourceTree = "<group>";
		};
		84F02F072DE79456003F33C7 /* Products */ = {
			isa = PBXGroup;
			children = (
				84F02F062DE79456003F33C7 /* ShieldBug.app */,
				84F02F132DE79458003F33C7 /* ShieldBugTests.xctest */,
				84F02F1D2DE79458003F33C7 /* ShieldBugUITests.xctest */,
				84F02F422DE833BD003F33C7 /* ShieldBug VPN Extension.appex */,
			);
			name = Products;
			sourceTree = "<group>";
		};
		84F02F432DE833BD003F33C7 /* Frameworks */ = {
			isa = PBXGroup;
			children = (
				84F02F442DE833BD003F33C7 /* NetworkExtension.framework */,
			);
			name = Frameworks;
			sourceTree = "<group>";
		};
/* End PBXGroup section */

/* Begin PBXNativeTarget section */
		84F02F052DE79456003F33C7 /* ShieldBug */ = {
			isa = PBXNativeTarget;
			buildConfigurationList = 84F02F272DE79458003F33C7 /* Build configuration list for PBXNativeTarget "ShieldBug" */;
			buildPhases = (
				84F02F022DE79456003F33C7 /* Sources */,
				84F02F032DE79456003F33C7 /* Frameworks */,
				84F02F042DE79456003F33C7 /* Resources */,
				84F02F522DE833BE003F33C7 /* Embed Foundation Extensions */,
			);
			buildRules = (
			);
			dependencies = (
				84F02F4C2DE833BE003F33C7 /* PBXTargetDependency */,
			);
			fileSystemSynchronizedGroups = (
				84F02F082DE79456003F33C7 /* ShieldBug */,
			);
			name = ShieldBug;
			packageProductDependencies = (
			);
			productName = ShieldBug;
			productReference = 84F02F062DE79456003F33C7 /* ShieldBug.app */;
			productType = "com.apple.product-type.application";
		};
		84F02F122DE79458003F33C7 /* ShieldBugTests */ = {
			isa = PBXNativeTarget;
			buildConfigurationList = 84F02F2A2DE79458003F33C7 /* Build configuration list for PBXNativeTarget "ShieldBugTests" */;
			buildPhases = (
				84F02F0F2DE79458003F33C7 /* Sources */,
				84F02F102DE79458003F33C7 /* Frameworks */,
				84F02F112DE79458003F33C7 /* Resources */,
			);
			buildRules = (
			);
			dependencies = (
				84F02F152DE79458003F33C7 /* PBXTargetDependency */,
			);
			fileSystemSynchronizedGroups = (
				84F02F162DE79458003F33C7 /* ShieldBugTests */,
			);
			name = ShieldBugTests;
			packageProductDependencies = (
			);
			productName = ShieldBugTests;
			productReference = 84F02F132DE79458003F33C7 /* ShieldBugTests.xctest */;
			productType = "com.apple.product-type.bundle.unit-test";
		};
		84F02F1C2DE79458003F33C7 /* ShieldBugUITests */ = {
			isa = PBXNativeTarget;
			buildConfigurationList = 84F02F2D2DE79458003F33C7 /* Build configuration list for PBXNativeTarget "ShieldBugUITests" */;
			buildPhases = (
				84F02F192DE79458003F33C7 /* Sources */,
				84F02F1A2DE79458003F33C7 /* Frameworks */,
				84F02F1B2DE79458003F33C7 /* Resources */,
			);
			buildRules = (
			);
			dependencies = (
				84F02F1F2DE79458003F33C7 /* PBXTargetDependency */,
			);
			fileSystemSynchronizedGroups = (
				84F02F202DE79458003F33C7 /* ShieldBugUITests */,
			);
			name = ShieldBugUITests;
			packageProductDependencies = (
			);
			productName = ShieldBugUITests;
			productReference = 84F02F1D2DE79458003F33C7 /* ShieldBugUITests.xctest */;
			productType = "com.apple.product-type.bundle.ui-testing";
		};
		84F02F412DE833BD003F33C7 /* ShieldBug VPN Extension */ = {
			isa = PBXNativeTarget;
			buildConfigurationList = 84F02F4F2DE833BE003F33C7 /* Build configuration list for PBXNativeTarget "ShieldBug VPN Extension" */;
			buildPhases = (
				84F02F3E2DE833BD003F33C7 /* Sources */,
				84F02F3F2DE833BD003F33C7 /* Frameworks */,
				84F02F402DE833BD003F33C7 /* Resources */,
			);
			buildRules = (
			);
			dependencies = (
			);
			fileSystemSynchronizedGroups = (
				84F02F462DE833BE003F33C7 /* ShieldBug VPN Extension */,
			);
			name = "ShieldBug VPN Extension";
			packageProductDependencies = (
			);
			productName = "ShieldBug VPN Extension";
			productReference = 84F02F422DE833BD003F33C7 /* ShieldBug VPN Extension.appex */;
			productType = "com.apple.product-type.app-extension";
		};
/* End PBXNativeTarget section */

/* Begin PBXProject section */
		84F02EFE2DE79456003F33C7 /* Project object */ = {
			isa = PBXProject;
			attributes = {
				BuildIndependentTargetsInParallel = 1;
				LastSwiftUpdateCheck = 1630;
				LastUpgradeCheck = 1630;
				TargetAttributes = {
					84F02F052DE79456003F33C7 = {
						CreatedOnToolsVersion = 16.3;
					};
					84F02F122DE79458003F33C7 = {
						CreatedOnToolsVersion = 16.3;
						TestTargetID = 84F02F052DE79456003F33C7;
					};
					84F02F1C2DE79458003F33C7 = {
						CreatedOnToolsVersion = 16.3;
						TestTargetID = 84F02F052DE79456003F33C7;
					};
					84F02F412DE833BD003F33C7 = {
						CreatedOnToolsVersion = 16.3;
					};
				};
			};
			buildConfigurationList = 84F02F012DE79456003F33C7 /* Build configuration list for PBXProject "ShieldBug" */;
			developmentRegion = en;
			hasScannedForEncodings = 0;
			knownRegions = (
				en,
				Base,
			);
			mainGroup = 84F02EFD2DE79456003F33C7;
			minimizedProjectReferenceProxies = 1;
			preferredProjectObjectVersion = 77;
			productRefGroup = 84F02F072DE79456003F33C7 /* Products */;
			projectDirPath = "";
			projectRoot = "";
			targets = (
				84F02F052DE79456003F33C7 /* ShieldBug */,
				84F02F122DE79458003F33C7 /* ShieldBugTests */,
				84F02F1C2DE79458003F33C7 /* ShieldBugUITests */,
				84F02F412DE833BD003F33C7 /* ShieldBug VPN Extension */,
			);
		};
/* End PBXProject section */

/* Begin PBXResourcesBuildPhase section */
		84F02F042DE79456003F33C7 /* Resources */ = {
			isa = PBXResourcesBuildPhase;
			buildActionMask = 2147483647;
			files = (
			);
			runOnlyForDeploymentPostprocessing = 0;
		};
		84F02F112DE79458003F33C7 /* Resources */ = {
			isa = PBXResourcesBuildPhase;
			buildActionMask = 2147483647;
			files = (
			);
			runOnlyForDeploymentPostprocessing = 0;
		};
		84F02F1B2DE79458003F33C7 /* Resources */ = {
			isa = PBXResourcesBuildPhase;
			buildActionMask = 2147483647;
			files = (
			);
			runOnlyForDeploymentPostprocessing = 0;
		};
		84F02F402DE833BD003F33C7 /* Resources */ = {
			isa = PBXResourcesBuildPhase;
			buildActionMask = 2147483647;
			files = (
			);
			runOnlyForDeploymentPostprocessing = 0;
		};
/* End PBXResourcesBuildPhase section */

/* Begin PBXSourcesBuildPhase section */
		84F02F022DE79456003F33C7 /* Sources */ = {
			isa = PBXSourcesBuildPhase;
			buildActionMask = 2147483647;
			files = (
			);
			runOnlyForDeploymentPostprocessing = 0;
		};
		84F02F0F2DE79458003F33C7 /* Sources */ = {
			isa = PBXSourcesBuildPhase;
			buildActionMask = 2147483647;
			files = (
			);
			runOnlyForDeploymentPostprocessing = 0;
		};
		84F02F192DE79458003F33C7 /* Sources */ = {
			isa = PBXSourcesBuildPhase;
			buildActionMask = 2147483647;
			files = (
			);
			runOnlyForDeploymentPostprocessing = 0;
		};
		84F02F3E2DE833BD003F33C7 /* Sources */ = {
			isa = PBXSourcesBuildPhase;
			buildActionMask = 2147483647;
			files = (
			);
			runOnlyForDeploymentPostprocessing = 0;
		};
/* End PBXSourcesBuildPhase section */

/* Begin PBXTargetDependency section */
		84F02F152DE79458003F33C7 /* PBXTargetDependency */ = {
			isa = PBXTargetDependency;
			target = 84F02F052DE79456003F33C7 /* ShieldBug */;
			targetProxy = 84F02F142DE79458003F33C7 /* PBXContainerItemProxy */;
		};
		84F02F1F2DE79458003F33C7 /* PBXTargetDependency */ = {
			isa = PBXTargetDependency;
			target = 84F02F052DE79456003F33C7 /* ShieldBug */;
			targetProxy = 84F02F1E2DE79458003F33C7 /* PBXContainerItemProxy */;
		};
		84F02F4C2DE833BE003F33C7 /* PBXTargetDependency */ = {
			isa = PBXTargetDependency;
			target = 84F02F412DE833BD003F33C7 /* ShieldBug VPN Extension */;
			targetProxy = 84F02F4B2DE833BE003F33C7 /* PBXContainerItemProxy */;
		};
/* End PBXTargetDependency section */

/* Begin XCBuildConfiguration section */
		84F02F252DE79458003F33C7 /* Debug */ = {
			isa = XCBuildConfiguration;
			buildSettings = {
				ALWAYS_SEARCH_USER_PATHS = NO;
				ASSETCATALOG_COMPILER_GENERATE_SWIFT_ASSET_SYMBOL_EXTENSIONS = YES;
				CLANG_ANALYZER_NONNULL = YES;
				CLANG_ANALYZER_NUMBER_OBJECT_CONVERSION = YES_AGGRESSIVE;
				CLANG_CXX_LANGUAGE_STANDARD = "gnu++20";
				CLANG_ENABLE_MODULES = YES;
				CLANG_ENABLE_OBJC_ARC = YES;
				CLANG_ENABLE_OBJC_WEAK = YES;
				CLANG_WARN_BLOCK_CAPTURE_AUTORELEASING = YES;
				CLANG_WARN_BOOL_CONVERSION = YES;
				CLANG_WARN_COMMA = YES;
				CLANG_WARN_CONSTANT_CONVERSION = YES;
				CLANG_WARN_DEPRECATED_OBJC_IMPLEMENTATIONS = YES;
				CLANG_WARN_DIRECT_OBJC_ISA_USAGE = YES_ERROR;
				CLANG_WARN_DOCUMENTATION_COMMENTS = YES;
				CLANG_WARN_EMPTY_BODY = YES;
				CLANG_WARN_ENUM_CONVERSION = YES;
				CLANG_WARN_INFINITE_RECURSION = YES;
				CLANG_WARN_INT_CONVERSION = YES;
				CLANG_WARN_NON_LITERAL_NULL_CONVERSION = YES;
				CLANG_WARN_OBJC_IMPLICIT_RETAIN_SELF = YES;
				CLANG_WARN_OBJC_LITERAL_CONVERSION = YES;
				CLANG_WARN_OBJC_ROOT_CLASS = YES_ERROR;
				CLANG_WARN_QUOTED_INCLUDE_IN_FRAMEWORK_HEADER = YES;
				CLANG_WARN_RANGE_LOOP_ANALYSIS = YES;
				CLANG_WARN_STRICT_PROTOTYPES = YES;
				CLANG_WARN_SUSPICIOUS_MOVE = YES;
				CLANG_WARN_UNGUARDED_AVAILABILITY = YES_AGGRESSIVE;
				CLANG_WARN_UNREACHABLE_CODE = YES;
				CLANG_WARN__DUPLICATE_METHOD_MATCH = YES;
				COPY_PHASE_STRIP = NO;
				DEBUG_INFORMATION_FORMAT = dwarf;
				ENABLE_STRICT_OBJC_MSGSEND = YES;
				ENABLE_TESTABILITY = YES;
				ENABLE_USER_SCRIPT_SANDBOXING = YES;
				GCC_C_LANGUAGE_STANDARD = gnu17;
				GCC_DYNAMIC_NO_PIC = NO;
				GCC_NO_COMMON_BLOCKS = YES;
				GCC_OPTIMIZATION_LEVEL = 0;
				GCC_PREPROCESSOR_DEFINITIONS = (
					"DEBUG=1",
					"$(inherited)",
				);
				GCC_WARN_64_TO_32_BIT_CONVERSION = YES;
				GCC_WARN_ABOUT_RETURN_TYPE = YES_ERROR;
				GCC_WARN_UNDECLARED_SELECTOR = YES;
				GCC_WARN_UNINITIALIZED_AUTOS = YES_AGGRESSIVE;
				GCC_WARN_UNUSED_FUNCTION = YES;
				GCC_WARN_UNUSED_VARIABLE = YES;
				IPHONEOS_DEPLOYMENT_TARGET = 18.4;
				LOCALIZATION_PREFERS_STRING_CATALOGS = YES;
				MTL_ENABLE_DEBUG_INFO = INCLUDE_SOURCE;
				MTL_FAST_MATH = YES;
				ONLY_ACTIVE_ARCH = YES;
				SDKROOT = iphoneos;
				SWIFT_ACTIVE_COMPILATION_CONDITIONS = "DEBUG $(inherited)";
				SWIFT_OPTIMIZATION_LEVEL = "-Onone";
			};
			name = Debug;
		};
		84F02F262DE79458003F33C7 /* Release */ = {
			isa = XCBuildConfiguration;
			buildSettings = {
				ALWAYS_SEARCH_USER_PATHS = NO;
				ASSETCATALOG_COMPILER_GENERATE_SWIFT_ASSET_SYMBOL_EXTENSIONS = YES;
				CLANG_ANALYZER_NONNULL = YES;
				CLANG_ANALYZER_NUMBER_OBJECT_CONVERSION = YES_AGGRESSIVE;
				CLANG_CXX_LANGUAGE_STANDARD = "gnu++20";
				CLANG_ENABLE_MODULES = YES;
				CLANG_ENABLE_OBJC_ARC = YES;
				CLANG_ENABLE_OBJC_WEAK = YES;
				CLANG_WARN_BLOCK_CAPTURE_AUTORELEASING = YES;
				CLANG_WARN_BOOL_CONVERSION = YES;
				CLANG_WARN_COMMA = YES;
				CLANG_WARN_CONSTANT_CONVERSION = YES;
				CLANG_WARN_DEPRECATED_OBJC_IMPLEMENTATIONS = YES;
				CLANG_WARN_DIRECT_OBJC_ISA_USAGE = YES_ERROR;
				CLANG_WARN_DOCUMENTATION_COMMENTS = YES;
				CLANG_WARN_EMPTY_BODY = YES;
				CLANG_WARN_ENUM_CONVERSION = YES;
				CLANG_WARN_INFINITE_RECURSION = YES;
				CLANG_WARN_INT_CONVERSION = YES;
				CLANG_WARN_NON_LITERAL_NULL_CONVERSION = YES;
				CLANG_WARN_OBJC_IMPLICIT_RETAIN_SELF = YES;
				CLANG_WARN_OBJC_LITERAL_CONVERSION = YES;
				CLANG_WARN_OBJC_ROOT_CLASS = YES_ERROR;
				CLANG_WARN_QUOTED_INCLUDE_IN_FRAMEWORK_HEADER = YES;
				CLANG_WARN_RANGE_LOOP_ANALYSIS = YES;
				CLANG_WARN_STRICT_PROTOTYPES = YES;
				CLANG_WARN_SUSPICIOUS_MOVE = YES;
				CLANG_WARN_UNGUARDED_AVAILABILITY = YES_AGGRESSIVE;
				CLANG_WARN_UNREACHABLE_CODE = YES;
				CLANG_WARN__DUPLICATE_METHOD_MATCH = YES;
				COPY_PHASE_STRIP = NO;
				DEBUG_INFORMATION_FORMAT = "dwarf-with-dsym";
				ENABLE_NS_ASSERTIONS = NO;
				ENABLE_STRICT_OBJC_MSGSEND = YES;
				ENABLE_USER_SCRIPT_SANDBOXING = YES;
				GCC_C_LANGUAGE_STANDARD = gnu17;
				GCC_NO_COMMON_BLOCKS = YES;
				GCC_WARN_64_TO_32_BIT_CONVERSION = YES;
				GCC_WARN_ABOUT_RETURN_TYPE = YES_ERROR;
				GCC_WARN_UNDECLARED_SELECTOR = YES;
				GCC_WARN_UNINITIALIZED_AUTOS = YES_AGGRESSIVE;
				GCC_WARN_UNUSED_FUNCTION = YES;
				GCC_WARN_UNUSED_VARIABLE = YES;
				IPHONEOS_DEPLOYMENT_TARGET = 18.4;
				LOCALIZATION_PREFERS_STRING_CATALOGS = YES;
				MTL_ENABLE_DEBUG_INFO = NO;
				MTL_FAST_MATH = YES;
				SDKROOT = iphoneos;
				SWIFT_COMPILATION_MODE = wholemodule;
				VALIDATE_PRODUCT = YES;
			};
			name = Release;
		};
		84F02F282DE79458003F33C7 /* Debug */ = {
			isa = XCBuildConfiguration;
			buildSettings = {
				ASSETCATALOG_COMPILER_APPICON_NAME = AppIcon;
				ASSETCATALOG_COMPILER_GLOBAL_ACCENT_COLOR_NAME = AccentColor;
				CODE_SIGN_ENTITLEMENTS = ShieldBug/ShieldBug.entitlements;
				"CODE_SIGN_IDENTITY[sdk=iphoneos*]" = "iPhone Developer";
				CODE_SIGN_STYLE = Manual;
				CURRENT_PROJECT_VERSION = 1;
				DEVELOPMENT_TEAM = "";
				"DEVELOPMENT_TEAM[sdk=iphoneos*]" = TNQP6G94U5;
				ENABLE_PREVIEWS = YES;
				GENERATE_INFOPLIST_FILE = YES;
				INFOPLIST_FILE = "ShieldBug/Info.plist";
				INFOPLIST_KEY_UIApplicationSceneManifest_Generation = YES;
				INFOPLIST_KEY_UIApplicationSupportsIndirectInputEvents = YES;
				INFOPLIST_KEY_UILaunchScreen_Generation = YES;
				INFOPLIST_KEY_UISupportedInterfaceOrientations_iPad = "UIInterfaceOrientationPortrait UIInterfaceOrientationPortraitUpsideDown UIInterfaceOrientationLandscapeLeft UIInterfaceOrientationLandscapeRight";
				INFOPLIST_KEY_UISupportedInterfaceOrientations_iPhone = "UIInterfaceOrientationPortrait UIInterfaceOrientationLandscapeLeft UIInterfaceOrientationLandscapeRight";
				LD_RUNPATH_SEARCH_PATHS = (
					"$(inherited)",
					"@executable_path/Frameworks",
				);
				MARKETING_VERSION = 1.0;
				PRODUCT_BUNDLE_IDENTIFIER = shieldbug.ShieldBug;
				PRODUCT_NAME = "$(TARGET_NAME)";
				PROVISIONING_PROFILE_SPECIFIER = "";
				"PROVISIONING_PROFILE_SPECIFIER[sdk=iphoneos*]" = "ShieldBug Core Extension Dev";
				SWIFT_EMIT_LOC_STRINGS = YES;
				SWIFT_VERSION = 5.0;
				TARGETED_DEVICE_FAMILY = "1,2";
			};
			name = Debug;
		};
		84F02F292DE79458003F33C7 /* Release */ = {
			isa = XCBuildConfiguration;
			buildSettings = {
				ASSETCATALOG_COMPILER_APPICON_NAME = AppIcon;
				ASSETCATALOG_COMPILER_GLOBAL_ACCENT_COLOR_NAME = AccentColor;
				CODE_SIGN_ENTITLEMENTS = ShieldBug/ShieldBug.entitlements;
				"CODE_SIGN_IDENTITY[sdk=iphoneos*]" = "iPhone Developer";
				CODE_SIGN_STYLE = Manual;
				CURRENT_PROJECT_VERSION = 1;
				DEVELOPMENT_TEAM = "";
				"DEVELOPMENT_TEAM[sdk=iphoneos*]" = TNQP6G94U5;
				ENABLE_PREVIEWS = YES;
				GENERATE_INFOPLIST_FILE = YES;
				INFOPLIST_FILE = "ShieldBug/Info.plist";
				INFOPLIST_KEY_UIApplicationSceneManifest_Generation = YES;
				INFOPLIST_KEY_UIApplicationSupportsIndirectInputEvents = YES;
				INFOPLIST_KEY_UILaunchScreen_Generation = YES;
				INFOPLIST_KEY_UISupportedInterfaceOrientations_iPad = "UIInterfaceOrientationPortrait UIInterfaceOrientationPortraitUpsideDown UIInterfaceOrientationLandscapeLeft UIInterfaceOrientationLandscapeRight";
				INFOPLIST_KEY_UISupportedInterfaceOrientations_iPhone = "UIInterfaceOrientationPortrait UIInterfaceOrientationLandscapeLeft UIInterfaceOrientationLandscapeRight";
				LD_RUNPATH_SEARCH_PATHS = (
					"$(inherited)",
					"@executable_path/Frameworks",
				);
				MARKETING_VERSION = 1.0;
				PRODUCT_BUNDLE_IDENTIFIER = shieldbug.ShieldBug;
				PRODUCT_NAME = "$(TARGET_NAME)";
				PROVISIONING_PROFILE_SPECIFIER = "";
				"PROVISIONING_PROFILE_SPECIFIER[sdk=iphoneos*]" = "ShieldBug Core Extension Dev";
				SWIFT_EMIT_LOC_STRINGS = YES;
				SWIFT_VERSION = 5.0;
				TARGETED_DEVICE_FAMILY = "1,2";
			};
			name = Release;
		};
		84F02F2B2DE79458003F33C7 /* Debug */ = {
			isa = XCBuildConfiguration;
			buildSettings = {
				BUNDLE_LOADER = "$(TEST_HOST)";
				CODE_SIGN_STYLE = Automatic;
				CURRENT_PROJECT_VERSION = 1;
				GENERATE_INFOPLIST_FILE = YES;
				IPHONEOS_DEPLOYMENT_TARGET = 18.4;
				MARKETING_VERSION = 1.0;
				PRODUCT_BUNDLE_IDENTIFIER = shieldbug.ShieldBugTests;
				PRODUCT_NAME = "$(TARGET_NAME)";
				SWIFT_EMIT_LOC_STRINGS = NO;
				SWIFT_VERSION = 5.0;
				TARGETED_DEVICE_FAMILY = "1,2";
				TEST_HOST = "$(BUILT_PRODUCTS_DIR)/ShieldBug.app/$(BUNDLE_EXECUTABLE_FOLDER_PATH)/ShieldBug";
			};
			name = Debug;
		};
		84F02F2C2DE79458003F33C7 /* Release */ = {
			isa = XCBuildConfiguration;
			buildSettings = {
				BUNDLE_LOADER = "$(TEST_HOST)";
				CODE_SIGN_STYLE = Automatic;
				CURRENT_PROJECT_VERSION = 1;
				GENERATE_INFOPLIST_FILE = YES;
				IPHONEOS_DEPLOYMENT_TARGET = 18.4;
				MARKETING_VERSION = 1.0;
				PRODUCT_BUNDLE_IDENTIFIER = shieldbug.ShieldBugTests;
				PRODUCT_NAME = "$(TARGET_NAME)";
				SWIFT_EMIT_LOC_STRINGS = NO;
				SWIFT_VERSION = 5.0;
				TARGETED_DEVICE_FAMILY = "1,2";
				TEST_HOST = "$(BUILT_PRODUCTS_DIR)/ShieldBug.app/$(BUNDLE_EXECUTABLE_FOLDER_PATH)/ShieldBug";
			};
			name = Release;
		};
		84F02F2E2DE79458003F33C7 /* Debug */ = {
			isa = XCBuildConfiguration;
			buildSettings = {
				CODE_SIGN_STYLE = Automatic;
				CURRENT_PROJECT_VERSION = 1;
				GENERATE_INFOPLIST_FILE = YES;
				MARKETING_VERSION = 1.0;
				PRODUCT_BUNDLE_IDENTIFIER = shieldbug.ShieldBugUITests;
				PRODUCT_NAME = "$(TARGET_NAME)";
				SWIFT_EMIT_LOC_STRINGS = NO;
				SWIFT_VERSION = 5.0;
				TARGETED_DEVICE_FAMILY = "1,2";
				TEST_TARGET_NAME = ShieldBug;
			};
			name = Debug;
		};
		84F02F2F2DE79458003F33C7 /* Release */ = {
			isa = XCBuildConfiguration;
			buildSettings = {
				CODE_SIGN_STYLE = Automatic;
				CURRENT_PROJECT_VERSION = 1;
				GENERATE_INFOPLIST_FILE = YES;
				MARKETING_VERSION = 1.0;
				PRODUCT_BUNDLE_IDENTIFIER = shieldbug.ShieldBugUITests;
				PRODUCT_NAME = "$(TARGET_NAME)";
				SWIFT_EMIT_LOC_STRINGS = NO;
				SWIFT_VERSION = 5.0;
				TARGETED_DEVICE_FAMILY = "1,2";
				TEST_TARGET_NAME = ShieldBug;
			};
			name = Release;
		};
		84F02F502DE833BE003F33C7 /* Debug */ = {
			isa = XCBuildConfiguration;
			buildSettings = {
				CODE_SIGN_ENTITLEMENTS = "ShieldBug VPN Extension/ShieldBug_VPN_Extension.entitlements";
				"CODE_SIGN_IDENTITY[sdk=iphoneos*]" = "iPhone Developer";
				CODE_SIGN_STYLE = Manual;
				CURRENT_PROJECT_VERSION = 1;
				DEVELOPMENT_TEAM = "";
				"DEVELOPMENT_TEAM[sdk=iphoneos*]" = TNQP6G94U5;
				GENERATE_INFOPLIST_FILE = YES;
				INFOPLIST_FILE = "ShieldBug VPN Extension/Info.plist";
				INFOPLIST_KEY_CFBundleDisplayName = "ShieldBug VPN Extension";
				INFOPLIST_KEY_NSHumanReadableCopyright = "";
				LD_RUNPATH_SEARCH_PATHS = (
					"$(inherited)",
					"@executable_path/Frameworks",
					"@executable_path/../../Frameworks",
				);
				MARKETING_VERSION = 1.0;
				PRODUCT_BUNDLE_IDENTIFIER = "shieldbug.ShieldBug.ShieldBug-VPN-Extension";
				PRODUCT_NAME = "$(TARGET_NAME)";
				PROVISIONING_PROFILE_SPECIFIER = "";
				"PROVISIONING_PROFILE_SPECIFIER[sdk=iphoneos*]" = "ShieldBug VPN Extension Dev";
				SKIP_INSTALL = YES;
				SWIFT_EMIT_LOC_STRINGS = YES;
				SWIFT_VERSION = 5.0;
				TARGETED_DEVICE_FAMILY = "1,2";
			};
			name = Debug;
		};
		84F02F512DE833BE003F33C7 /* Release */ = {
			isa = XCBuildConfiguration;
			buildSettings = {
				CODE_SIGN_ENTITLEMENTS = "ShieldBug VPN Extension/ShieldBug_VPN_Extension.entitlements";
				"CODE_SIGN_IDENTITY[sdk=iphoneos*]" = "iPhone Developer";
				CODE_SIGN_STYLE = Manual;
				CURRENT_PROJECT_VERSION = 1;
				DEVELOPMENT_TEAM = "";
				"DEVELOPMENT_TEAM[sdk=iphoneos*]" = TNQP6G94U5;
				GENERATE_INFOPLIST_FILE = YES;
				INFOPLIST_FILE = "ShieldBug VPN Extension/Info.plist";
				INFOPLIST_KEY_CFBundleDisplayName = "ShieldBug VPN Extension";
				INFOPLIST_KEY_NSHumanReadableCopyright = "";
				LD_RUNPATH_SEARCH_PATHS = (
					"$(inherited)",
					"@executable_path/Frameworks",
					"@executable_path/../../Frameworks",
				);
				MARKETING_VERSION = 1.0;
				PRODUCT_BUNDLE_IDENTIFIER = "shieldbug.ShieldBug.ShieldBug-VPN-Extension";
				PRODUCT_NAME = "$(TARGET_NAME)";
				PROVISIONING_PROFILE_SPECIFIER = "";
				"PROVISIONING_PROFILE_SPECIFIER[sdk=iphoneos*]" = "ShieldBug VPN Extension Dev";
				SKIP_INSTALL = YES;
				SWIFT_EMIT_LOC_STRINGS = YES;
				SWIFT_VERSION = 5.0;
				TARGETED_DEVICE_FAMILY = "1,2";
			};
			name = Release;
		};
/* End XCBuildConfiguration section */

/* Begin XCConfigurationList section */
		84F02F012DE79456003F33C7 /* Build configuration list for PBXProject "ShieldBug" */ = {
			isa = XCConfigurationList;
			buildConfigurations = (
				84F02F252DE79458003F33C7 /* Debug */,
				84F02F262DE79458003F33C7 /* Release */,
			);
			defaultConfigurationIsVisible = 0;
			defaultConfigurationName = Release;
		};
		84F02F272DE79458003F33C7 /* Build configuration list for PBXNativeTarget "ShieldBug" */ = {
			isa = XCConfigurationList;
			buildConfigurations = (
				84F02F282DE79458003F33C7 /* Debug */,
				84F02F292DE79458003F33C7 /* Release */,
			);
			defaultConfigurationIsVisible = 0;
			defaultConfigurationName = Release;
		};
		84F02F2A2DE79458003F33C7 /* Build configuration list for PBXNativeTarget "ShieldBugTests" */ = {
			isa = XCConfigurationList;
			buildConfigurations = (
				84F02F2B2DE79458003F33C7 /* Debug */,
				84F02F2C2DE79458003F33C7 /* Release */,
			);
			defaultConfigurationIsVisible = 0;
			defaultConfigurationName = Release;
		};
		84F02F2D2DE79458003F33C7 /* Build configuration list for PBXNativeTarget "ShieldBugUITests" */ = {
			isa = XCConfigurationList;
			buildConfigurations = (
				84F02F2E2DE79458003F33C7 /* Debug */,
				84F02F2F2DE79458003F33C7 /* Release */,
			);
			defaultConfigurationIsVisible = 0;
			defaultConfigurationName = Release;
		};
		84F02F4F2DE833BE003F33C7 /* Build configuration list for PBXNativeTarget "ShieldBug VPN Extension" */ = {
			isa = XCConfigurationList;
			buildConfigurations = (
				84F02F502DE833BE003F33C7 /* Debug */,
				84F02F512DE833BE003F33C7 /* Release */,
			);
			defaultConfigurationIsVisible = 0;
			defaultConfigurationName = Release;
		};
/* End XCConfigurationList section */
	};
	rootObject = 84F02EFE2DE79456003F33C7 /* Project object */;
}
